{
  "lockfileVersion": 1,
  "configVersion": 1,
  "workspaces": {
    "": {
      "name": "opencode-langfuse-plugin",
      "dependencies": {
        "langfuse": "^3.38.0",
      },
    },
  },
  "packages": {
    "langfuse": ["langfuse@3.38.20", "https://registry.npmmirror.com/langfuse/-/langfuse-3.38.20.tgz", { "dependencies": { "langfuse-core": "^3.38.20" } }, "sha512-MAmBAASSzJtmK1O9HQegA1mFsQhT8Yf+OJRGvE7FXkyv3g/eiBE0glLD0Ohg3pkxhoPdggM5SejK7ue9ctlaMA=="],

    "langfuse-core": ["langfuse-core@3.38.20", "https://registry.npmmirror.com/langfuse-core/-/langfuse-core-3.38.20.tgz", { "dependencies": { "mustache": "^4.2.0" } }, "sha512-zBKVmQN/1oT5VWZUBYlWzvokIlkC/6mnpgr/2atMyTeAm+jR3ia7w2iJMjlrF5/oG8ukO1s8+LDRCzJpF1QeEA=="],

    "mustache": ["mustache@4.2.0", "https://registry.npmmirror.com/mustache/-/mustache-4.2.0.tgz", { "bin": { "mustache": "bin/mustache" } }, "sha512-71ippSywq5Yb7/tVYyGbkBggbU8H3u5Rz56fH60jGFgr8uHwxs+aSKeqmluIVzM0m0kB7xQjKS6qPfd0b2ZoqQ=="],
  }
}
